
Microsoft Visual Studio Solution File, Format Version 12.00
# Visual Studio 15
Project("{FAE04EC0-301F-11D3-BF4B-00C04F79EFBC}") = "MixedReality213-master", "Assembly-CSharp.csproj", "{CF08D37E-EC1F-4F6C-64D7-6A4CFA552909}"
EndProject
Project("{FAE04EC0-301F-11D3-BF4B-00C04F79EFBC}") = "MixedReality213-master", "Assembly-CSharp-Editor.csproj", "{37230DB1-4B58-C639-A405-832C05EECC62}"
EndProject
Global
	GlobalSection(SolutionConfigurationPlatforms) = preSolution
		Debug|Any CPU = Debug|Any CPU
		Release|Any CPU = Release|Any CPU
	EndGlobalSection
	GlobalSection(ProjectConfigurationPlatforms) = postSolution
		{CF08D37E-EC1F-4F6C-64D7-6A4CFA552909}.Debug|Any CPU.ActiveCfg = Debug|Any CPU
		{CF08D37E-EC1F-4F6C-64D7-6A4CFA552909}.Debug|Any CPU.Build.0 = Debug|Any CPU
		{CF08D37E-EC1F-4F6C-64D7-6A4CFA552909}.Release|Any CPU.ActiveCfg = Release|Any CPU
		{CF08D37E-EC1F-4F6C-64D7-6A4CFA552909}.Release|Any CPU.Build.0 = Release|Any CPU
		{37230DB1-4B58-C639-A405-832C05EECC62}.Debug|Any CPU.ActiveCfg = Debug|Any CPU
		{37230DB1-4B58-C639-A405-832C05EECC62}.Debug|Any CPU.Build.0 = Debug|Any CPU
		{37230DB1-4B58-C639-A405-832C05EECC62}.Release|Any CPU.ActiveCfg = Release|Any CPU
		{37230DB1-4B58-C639-A405-832C05EECC62}.Release|Any CPU.Build.0 = Release|Any CPU
	EndGlobalSection
	GlobalSection(SolutionProperties) = preSolution
		HideSolutionNode = FALSE
	EndGlobalSection
EndGlobal
